
Microsoft Visual Studio Solution File, Format Version 12.00
# Visual Studio Version 16
VisualStudioVersion = 16.0.28803.202
MinimumVisualStudioVersion = 10.0.40219.1
Project("{F184B08F-C81C-45F6-A57F-5ABD9991F28F}") = "Finances", "Finances\Finances.vbproj", "{C2A14157-561D-4315-9B67-D622B2CB019D}"
EndProject
Global
	GlobalSection(SolutionConfigurationPlatforms) = preSolution
		Debug|Any CPU = Debug|Any CPU
		Release|Any CPU = Release|Any CPU
	EndGlobalSection
	GlobalSection(ProjectConfigurationPlatforms) = postSolution
		{C2A14157-561D-4315-9B67-D622B2CB019D}.Debug|Any CPU.ActiveCfg = Debug|Any CPU
		{C2A14157-561D-4315-9B67-D622B2CB019D}.Debug|Any CPU.Build.0 = Debug|Any CPU
		{C2A14157-561D-4315-9B67-D622B2CB019D}.Release|Any CPU.ActiveCfg = Release|Any CPU
		{C2A14157-561D-4315-9B67-D622B2CB019D}.Release|Any CPU.Build.0 = Release|Any CPU
	EndGlobalSection
	GlobalSection(SolutionProperties) = preSolution
		HideSolutionNode = FALSE
	EndGlobalSection
	GlobalSection(ExtensibilityGlobals) = postSolution
		SolutionGuid = {2FC80348-DEE9-46CD-92C7-06CAD9D6FBBC}
	EndGlobalSection
EndGlobal
